// !$*UTF8*$!
{
	archiveVersion = 1;
	classes = {
	};
	objectVersion = 52;
	objects = {

/* Begin PBXBuildFile section */
		8F2C968E26CE7CD200855B12 /* helpers.swift in Sources */ = {isa = PBXBuildFile; fileRef = 8F2C968D26CE7CD200855B12 /* helpers.swift */; };
		8F39DD882627A77800F0C010 /* Defaults in Frameworks */ = {isa = PBXBuildFile; productRef = 8F39DD872627A77800F0C010 /* Defaults */; };
		8F39DDAC2628EE2B00F0C010 /* SkapingController.swift in Sources */ = {isa = PBXBuildFile; fileRef = 8F39DDAB2628EE2B00F0C010 /* SkapingController.swift */; };
		8F39DDB92628F90100F0C010 /* Utilities.swift in Sources */ = {isa = PBXBuildFile; fileRef = 8F39DDB82628F90100F0C010 /* Utilities.swift */; };
		8F3A566626CABC0100287AB5 /* updater.sh in CopyFiles */ = {isa = PBXBuildFile; fileRef = 8F648C5526C7DF310027BA10 /* updater.sh */; };
		8F5390B3263F47CB00EA6B2E /* updater.swift in Sources */ = {isa = PBXBuildFile; fileRef = 8F5390B2263F47CB00EA6B2E /* updater.swift */; };
		8F5390B52641EB8D00EA6B2E /* Update.swift in Sources */ = {isa = PBXBuildFile; fileRef = 8F5390B42641EB8D00EA6B2E /* Update.swift */; };
		8F9AFE04261FA93C0086DCCA /* AppDelegate.swift in Sources */ = {isa = PBXBuildFile; fileRef = 8F9AFE03261FA93C0086DCCA /* AppDelegate.swift */; };
		8F9AFE09261FA93C0086DCCA /* LivecamWallpaper.xcdatamodeld in Sources */ = {isa = PBXBuildFile; fileRef = 8F9AFE07261FA93C0086DCCA /* LivecamWallpaper.xcdatamodeld */; };
		8F9AFE0B261FA93F0086DCCA /* Assets.xcassets in Resources */ = {isa = PBXBuildFile; fileRef = 8F9AFE0A261FA93F0086DCCA /* Assets.xcassets */; };
		8F9AFE0E261FA93F0086DCCA /* Preview Assets.xcassets in Resources */ = {isa = PBXBuildFile; fileRef = 8F9AFE0D261FA93F0086DCCA /* Preview Assets.xcassets */; };
		8F9AFE11261FA93F0086DCCA /* Main.storyboard in Resources */ = {isa = PBXBuildFile; fileRef = 8F9AFE0F261FA93F0086DCCA /* Main.storyboard */; };
		8F9AFE802623768D0086DCCA /* Preferences.swift in Sources */ = {isa = PBXBuildFile; fileRef = 8F9AFE7F2623768D0086DCCA /* Preferences.swift */; };
		8F9AFE942627809F0086DCCA /* skapingResponse.swift in Sources */ = {isa = PBXBuildFile; fileRef = 8F9AFE932627809F0086DCCA /* skapingResponse.swift */; };
		8F9AFE9F26279B200086DCCA /* Defaults.swift in Sources */ = {isa = PBXBuildFile; fileRef = 8F9AFE9E26279B200086DCCA /* Defaults.swift */; };
		8FCC0127275D3382003C47F2 /* Sentry in Frameworks */ = {isa = PBXBuildFile; productRef = 8FCC0126275D3382003C47F2 /* Sentry */; };
/* End PBXBuildFile section */

/* Begin PBXCopyFilesBuildPhase section */
		8F70246826CA7AD100B63440 /* Embed XPC Services */ = {
			isa = PBXCopyFilesBuildPhase;
			buildActionMask = 2147483647;
			dstPath = "$(CONTENTS_FOLDER_PATH)/XPCServices";
			dstSubfolderSpec = 16;
			files = (
			);
			name = "Embed XPC Services";
			runOnlyForDeploymentPostprocessing = 0;
		};
		8FD83A9F26C7C5B9009D7F41 /* CopyFiles */ = {
			isa = PBXCopyFilesBuildPhase;
			buildActionMask = 12;
			dstPath = Scripts;
			dstSubfolderSpec = 7;
			files = (
				8F3A566626CABC0100287AB5 /* updater.sh in CopyFiles */,
			);
			runOnlyForDeploymentPostprocessing = 0;
		};
/* End PBXCopyFilesBuildPhase section */

/* Begin PBXFileReference section */
		8F2C968D26CE7CD200855B12 /* helpers.swift */ = {isa = PBXFileReference; lastKnownFileType = sourcecode.swift; path = helpers.swift; sourceTree = "<group>"; };
		8F39DDAB2628EE2B00F0C010 /* SkapingController.swift */ = {isa = PBXFileReference; lastKnownFileType = sourcecode.swift; path = SkapingController.swift; sourceTree = "<group>"; };
		8F39DDB82628F90100F0C010 /* Utilities.swift */ = {isa = PBXFileReference; lastKnownFileType = sourcecode.swift; path = Utilities.swift; sourceTree = "<group>"; };
		8F5390B2263F47CB00EA6B2E /* updater.swift */ = {isa = PBXFileReference; lastKnownFileType = sourcecode.swift; path = updater.swift; sourceTree = "<group>"; };
		8F5390B42641EB8D00EA6B2E /* Update.swift */ = {isa = PBXFileReference; lastKnownFileType = sourcecode.swift; path = Update.swift; sourceTree = "<group>"; };
		8F648C5526C7DF310027BA10 /* updater.sh */ = {isa = PBXFileReference; lastKnownFileType = text.script.sh; path = updater.sh; sourceTree = "<group>"; };
		8F9AFE00261FA93C0086DCCA /* LivecamWallpaper.app */ = {isa = PBXFileReference; explicitFileType = wrapper.application; includeInIndex = 0; path = LivecamWallpaper.app; sourceTree = BUILT_PRODUCTS_DIR; };
		8F9AFE03261FA93C0086DCCA /* AppDelegate.swift */ = {isa = PBXFileReference; lastKnownFileType = sourcecode.swift; path = AppDelegate.swift; sourceTree = "<group>"; };
		8F9AFE08261FA93C0086DCCA /* LivecamWallpaper.xcdatamodel */ = {isa = PBXFileReference; lastKnownFileType = wrapper.xcdatamodel; path = LivecamWallpaper.xcdatamodel; sourceTree = "<group>"; };
		8F9AFE0A261FA93F0086DCCA /* Assets.xcassets */ = {isa = PBXFileReference; lastKnownFileType = folder.assetcatalog; path = Assets.xcassets; sourceTree = "<group>"; };
		8F9AFE0D261FA93F0086DCCA /* Preview Assets.xcassets */ = {isa = PBXFileReference; lastKnownFileType = folder.assetcatalog; path = "Preview Assets.xcassets"; sourceTree = "<group>"; };
		8F9AFE10261FA93F0086DCCA /* Base */ = {isa = PBXFileReference; lastKnownFileType = file.storyboard; name = Base; path = Base.lproj/Main.storyboard; sourceTree = "<group>"; };
		8F9AFE12261FA93F0086DCCA /* Info.plist */ = {isa = PBXFileReference; lastKnownFileType = text.plist.xml; path = Info.plist; sourceTree = "<group>"; };
		8F9AFE13261FA93F0086DCCA /* LivecamWallpaper.entitlements */ = {isa = PBXFileReference; lastKnownFileType = text.plist.entitlements; path = LivecamWallpaper.entitlements; sourceTree = "<group>"; };
		8F9AFE7F2623768D0086DCCA /* Preferences.swift */ = {isa = PBXFileReference; lastKnownFileType = sourcecode.swift; path = Preferences.swift; sourceTree = "<group>"; };
		8F9AFE8826263A150086DCCA /* LivecamWallpaperRelease.entitlements */ = {isa = PBXFileReference; lastKnownFileType = text.plist.entitlements; path = LivecamWallpaperRelease.entitlements; sourceTree = "<group>"; };
		8F9AFE932627809F0086DCCA /* skapingResponse.swift */ = {isa = PBXFileReference; lastKnownFileType = sourcecode.swift; path = skapingResponse.swift; sourceTree = "<group>"; };
		8F9AFE9E26279B200086DCCA /* Defaults.swift */ = {isa = PBXFileReference; lastKnownFileType = sourcecode.swift; path = Defaults.swift; sourceTree = "<group>"; };
		8FCC0128275D58C1003C47F2 /* Development.xcconfig */ = {isa = PBXFileReference; lastKnownFileType = text.xcconfig; path = Development.xcconfig; sourceTree = "<group>"; };
/* End PBXFileReference section */

/* Begin PBXFrameworksBuildPhase section */
		8F9AFDFD261FA93C0086DCCA /* Frameworks */ = {
			isa = PBXFrameworksBuildPhase;
			buildActionMask = 2147483647;
			files = (
				8F39DD882627A77800F0C010 /* Defaults in Frameworks */,
				8FCC0127275D3382003C47F2 /* Sentry in Frameworks */,
			);
			runOnlyForDeploymentPostprocessing = 0;
		};
/* End PBXFrameworksBuildPhase section */

/* Begin PBXGroup section */
		8F39DDAA2628EDFE00F0C010 /* Controllers */ = {
			isa = PBXGroup;
			children = (
				8F39DDAB2628EE2B00F0C010 /* SkapingController.swift */,
			);
			path = Controllers;
			sourceTree = "<group>";
		};
		8F57091926C929E2003CDAF5 /* Updater */ = {
			isa = PBXGroup;
			children = (
				8F5390B2263F47CB00EA6B2E /* updater.swift */,
				8F648C5526C7DF310027BA10 /* updater.sh */,
			);
			path = Updater;
			sourceTree = "<group>";
		};
		8F57091B26C92A28003CDAF5 /* Utils */ = {
			isa = PBXGroup;
			children = (
				8F39DDB82628F90100F0C010 /* Utilities.swift */,
			);
			path = Utils;
			sourceTree = "<group>";
		};
		8F9AFDF7261FA93B0086DCCA = {
			isa = PBXGroup;
			children = (
				8FCC0128275D58C1003C47F2 /* Development.xcconfig */,
				8F9AFE02261FA93C0086DCCA /* LivecamWallpaper */,
				8F9AFE01261FA93C0086DCCA /* Products */,
			);
			sourceTree = "<group>";
		};
		8F9AFE01261FA93C0086DCCA /* Products */ = {
			isa = PBXGroup;
			children = (
				8F9AFE00261FA93C0086DCCA /* LivecamWallpaper.app */,
			);
			name = Products;
			sourceTree = "<group>";
		};
		8F9AFE02261FA93C0086DCCA /* LivecamWallpaper */ = {
			isa = PBXGroup;
			children = (
				8F57091B26C92A28003CDAF5 /* Utils */,
				8F57091926C929E2003CDAF5 /* Updater */,
				8F39DDAA2628EDFE00F0C010 /* Controllers */,
				8F9AFE922627807F0086DCCA /* Models */,
				8F9AFE8826263A150086DCCA /* LivecamWallpaperRelease.entitlements */,
				8F9AFE7B262376470086DCCA /* Views */,
				8F9AFE03261FA93C0086DCCA /* AppDelegate.swift */,
				8F9AFE0A261FA93F0086DCCA /* Assets.xcassets */,
				8F9AFE0F261FA93F0086DCCA /* Main.storyboard */,
				8F9AFE12261FA93F0086DCCA /* Info.plist */,
				8F9AFE13261FA93F0086DCCA /* LivecamWallpaper.entitlements */,
				8F9AFE07261FA93C0086DCCA /* LivecamWallpaper.xcdatamodeld */,
				8F9AFE0C261FA93F0086DCCA /* Preview Content */,
				8F9AFE9E26279B200086DCCA /* Defaults.swift */,
				8F2C968D26CE7CD200855B12 /* helpers.swift */,
			);
			path = LivecamWallpaper;
			sourceTree = "<group>";
		};
		8F9AFE0C261FA93F0086DCCA /* Preview Content */ = {
			isa = PBXGroup;
			children = (
				8F9AFE0D261FA93F0086DCCA /* Preview Assets.xcassets */,
			);
			path = "Preview Content";
			sourceTree = "<group>";
		};
		8F9AFE7B262376470086DCCA /* Views */ = {
			isa = PBXGroup;
			children = (
				8F9AFE7F2623768D0086DCCA /* Preferences.swift */,
				8F5390B42641EB8D00EA6B2E /* Update.swift */,
			);
			path = Views;
			sourceTree = "<group>";
		};
		8F9AFE922627807F0086DCCA /* Models */ = {
			isa = PBXGroup;
			children = (
				8F9AFE932627809F0086DCCA /* skapingResponse.swift */,
			);
			path = Models;
			sourceTree = "<group>";
		};
/* End PBXGroup section */

/* Begin PBXNativeTarget section */
		8F9AFDFF261FA93C0086DCCA /* LivecamWallpaper */ = {
			isa = PBXNativeTarget;
			buildConfigurationList = 8F9AFE2C261FA9400086DCCA /* Build configuration list for PBXNativeTarget "LivecamWallpaper" */;
			buildPhases = (
				8F9AFDFC261FA93C0086DCCA /* Sources */,
				8F9AFDFD261FA93C0086DCCA /* Frameworks */,
				8F9AFDFE261FA93C0086DCCA /* Resources */,
				8F5390B1263E187100EA6B2E /* ShellScript */,
				8FD83A9F26C7C5B9009D7F41 /* CopyFiles */,
				8F70246826CA7AD100B63440 /* Embed XPC Services */,
			);
			buildRules = (
			);
			dependencies = (
			);
			name = LivecamWallpaper;
			packageProductDependencies = (
				8F39DD872627A77800F0C010 /* Defaults */,
				8FCC0126275D3382003C47F2 /* Sentry */,
			);
			productName = LivecamWallpaper;
			productReference = 8F9AFE00261FA93C0086DCCA /* LivecamWallpaper.app */;
			productType = "com.apple.product-type.application";
		};
/* End PBXNativeTarget section */

/* Begin PBXProject section */
		8F9AFDF8261FA93B0086DCCA /* Project object */ = {
			isa = PBXProject;
			attributes = {
				LastSwiftUpdateCheck = 1240;
				LastUpgradeCheck = 1240;
				TargetAttributes = {
					8F9AFDFF261FA93C0086DCCA = {
						CreatedOnToolsVersion = 12.4;
					};
				};
			};
			buildConfigurationList = 8F9AFDFB261FA93B0086DCCA /* Build configuration list for PBXProject "LivecamWallpaper" */;
			compatibilityVersion = "Xcode 9.3";
			developmentRegion = en;
			hasScannedForEncodings = 0;
			knownRegions = (
				en,
				Base,
			);
			mainGroup = 8F9AFDF7261FA93B0086DCCA;
			packageReferences = (
				8F39DD862627A77800F0C010 /* XCRemoteSwiftPackageReference "Defaults" */,
				8FCC0125275D3382003C47F2 /* XCRemoteSwiftPackageReference "sentry-cocoa" */,
			);
			productRefGroup = 8F9AFE01261FA93C0086DCCA /* Products */;
			projectDirPath = "";
			projectRoot = "";
			targets = (
				8F9AFDFF261FA93C0086DCCA /* LivecamWallpaper */,
			);
		};
/* End PBXProject section */

/* Begin PBXResourcesBuildPhase section */
		8F9AFDFE261FA93C0086DCCA /* Resources */ = {
			isa = PBXResourcesBuildPhase;
			buildActionMask = 2147483647;
			files = (
				8F9AFE11261FA93F0086DCCA /* Main.storyboard in Resources */,
				8F9AFE0E261FA93F0086DCCA /* Preview Assets.xcassets in Resources */,
				8F9AFE0B261FA93F0086DCCA /* Assets.xcassets in Resources */,
			);
			runOnlyForDeploymentPostprocessing = 0;
		};
/* End PBXResourcesBuildPhase section */

/* Begin PBXShellScriptBuildPhase section */
		8F5390B1263E187100EA6B2E /* ShellScript */ = {
			isa = PBXShellScriptBuildPhase;
			buildActionMask = 2147483647;
			files = (
			);
			inputFileListPaths = (
			);
			inputPaths = (
			);
			outputFileListPaths = (
			);
			outputPaths = (
			);
			runOnlyForDeploymentPostprocessing = 0;
			shellPath = /bin/sh;
			shellScript = "# Type a script or drag a script file from your workspace to insert its path.\nif which swiftlint >/dev/null; then\n  swiftlint\nelse\n  echo \"warning: SwiftLint not installed, download from https://github.com/realm/SwiftLint\"\nfi\n";
		};
/* End PBXShellScriptBuildPhase section */

/* Begin PBXSourcesBuildPhase section */
		8F9AFDFC261FA93C0086DCCA /* Sources */ = {
			isa = PBXSourcesBuildPhase;
			buildActionMask = 2147483647;
			files = (
				8F9AFE942627809F0086DCCA /* skapingResponse.swift in Sources */,
				8F39DDAC2628EE2B00F0C010 /* SkapingController.swift in Sources */,
				8F9AFE09261FA93C0086DCCA /* LivecamWallpaper.xcdatamodeld in Sources */,
				8F5390B52641EB8D00EA6B2E /* Update.swift in Sources */,
				8F9AFE9F26279B200086DCCA /* Defaults.swift in Sources */,
				8F9AFE802623768D0086DCCA /* Preferences.swift in Sources */,
				8F5390B3263F47CB00EA6B2E /* updater.swift in Sources */,
				8F39DDB92628F90100F0C010 /* Utilities.swift in Sources */,
				8F9AFE04261FA93C0086DCCA /* AppDelegate.swift in Sources */,
				8F2C968E26CE7CD200855B12 /* helpers.swift in Sources */,
			);
			runOnlyForDeploymentPostprocessing = 0;
		};
/* End PBXSourcesBuildPhase section */

/* Begin PBXVariantGroup section */
		8F9AFE0F261FA93F0086DCCA /* Main.storyboard */ = {
			isa = PBXVariantGroup;
			children = (
				8F9AFE10261FA93F0086DCCA /* Base */,
			);
			name = Main.storyboard;
			sourceTree = "<group>";
		};
/* End PBXVariantGroup section */

/* Begin XCBuildConfiguration section */
		8F9AFE2A261FA9400086DCCA /* Debug */ = {
			isa = XCBuildConfiguration;
			baseConfigurationReference = 8FCC0128275D58C1003C47F2 /* Development.xcconfig */;
			buildSettings = {
				ALWAYS_SEARCH_USER_PATHS = NO;
				CLANG_ANALYZER_NONNULL = YES;
				CLANG_ANALYZER_NUMBER_OBJECT_CONVERSION = YES_AGGRESSIVE;
				CLANG_CXX_LANGUAGE_STANDARD = "gnu++14";
				CLANG_CXX_LIBRARY = "libc++";
				CLANG_ENABLE_MODULES = YES;
				CLANG_ENABLE_OBJC_ARC = YES;
				CLANG_ENABLE_OBJC_WEAK = YES;
				CLANG_WARN_BLOCK_CAPTURE_AUTORELEASING = YES;
				CLANG_WARN_BOOL_CONVERSION = YES;
				CLANG_WARN_COMMA = YES;
				CLANG_WARN_CONSTANT_CONVERSION = YES;
				CLANG_WARN_DEPRECATED_OBJC_IMPLEMENTATIONS = YES;
				CLANG_WARN_DIRECT_OBJC_ISA_USAGE = YES_ERROR;
				CLANG_WARN_DOCUMENTATION_COMMENTS = YES;
				CLANG_WARN_EMPTY_BODY = YES;
				CLANG_WARN_ENUM_CONVERSION = YES;
				CLANG_WARN_INFINITE_RECURSION = YES;
				CLANG_WARN_INT_CONVERSION = YES;
				CLANG_WARN_NON_LITERAL_NULL_CONVERSION = YES;
				CLANG_WARN_OBJC_IMPLICIT_RETAIN_SELF = YES;
				CLANG_WARN_OBJC_LITERAL_CONVERSION = YES;
				CLANG_WARN_OBJC_ROOT_CLASS = YES_ERROR;
				CLANG_WARN_QUOTED_INCLUDE_IN_FRAMEWORK_HEADER = YES;
				CLANG_WARN_RANGE_LOOP_ANALYSIS = YES;
				CLANG_WARN_STRICT_PROTOTYPES = YES;
				CLANG_WARN_SUSPICIOUS_MOVE = YES;
				CLANG_WARN_UNGUARDED_AVAILABILITY = YES_AGGRESSIVE;
				CLANG_WARN_UNREACHABLE_CODE = YES;
				CLANG_WARN__DUPLICATE_METHOD_MATCH = YES;
				COPY_PHASE_STRIP = NO;
				DEBUG_INFORMATION_FORMAT = dwarf;
				ENABLE_STRICT_OBJC_MSGSEND = YES;
				ENABLE_TESTABILITY = YES;
				GCC_C_LANGUAGE_STANDARD = gnu11;
				GCC_DYNAMIC_NO_PIC = NO;
				GCC_NO_COMMON_BLOCKS = YES;
				GCC_OPTIMIZATION_LEVEL = 0;
				GCC_PREPROCESSOR_DEFINITIONS = (
					"DEBUG=1",
					"$(inherited)",
				);
				GCC_WARN_64_TO_32_BIT_CONVERSION = YES;
				GCC_WARN_ABOUT_RETURN_TYPE = YES_ERROR;
				GCC_WARN_UNDECLARED_SELECTOR = YES;
				GCC_WARN_UNINITIALIZED_AUTOS = YES_AGGRESSIVE;
				GCC_WARN_UNUSED_FUNCTION = YES;
				GCC_WARN_UNUSED_VARIABLE = YES;
				MACOSX_DEPLOYMENT_TARGET = 11.1;
				MTL_ENABLE_DEBUG_INFO = INCLUDE_SOURCE;
				MTL_FAST_MATH = YES;
				ONLY_ACTIVE_ARCH = YES;
				SDKROOT = macosx;
				SWIFT_ACTIVE_COMPILATION_CONDITIONS = DEBUG;
				SWIFT_OPTIMIZATION_LEVEL = "-Onone";
			};
			name = Debug;
		};
		8F9AFE2B261FA9400086DCCA /* Release */ = {
			isa = XCBuildConfiguration;
			baseConfigurationReference = 8FCC0128275D58C1003C47F2 /* Development.xcconfig */;
			buildSettings = {
				ALWAYS_SEARCH_USER_PATHS = NO;
				CLANG_ANALYZER_NONNULL = YES;
				CLANG_ANALYZER_NUMBER_OBJECT_CONVERSION = YES_AGGRESSIVE;
				CLANG_CXX_LANGUAGE_STANDARD = "gnu++14";
				CLANG_CXX_LIBRARY = "libc++";
				CLANG_ENABLE_MODULES = YES;
				CLANG_ENABLE_OBJC_ARC = YES;
				CLANG_ENABLE_OBJC_WEAK = YES;
				CLANG_WARN_BLOCK_CAPTURE_AUTORELEASING = YES;
				CLANG_WARN_BOOL_CONVERSION = YES;
				CLANG_WARN_COMMA = YES;
				CLANG_WARN_CONSTANT_CONVERSION = YES;
				CLANG_WARN_DEPRECATED_OBJC_IMPLEMENTATIONS = YES;
				CLANG_WARN_DIRECT_OBJC_ISA_USAGE = YES_ERROR;
				CLANG_WARN_DOCUMENTATION_COMMENTS = YES;
				CLANG_WARN_EMPTY_BODY = YES;
				CLANG_WARN_ENUM_CONVERSION = YES;
				CLANG_WARN_INFINITE_RECURSION = YES;
				CLANG_WARN_INT_CONVERSION = YES;
				CLANG_WARN_NON_LITERAL_NULL_CONVERSION = YES;
				CLANG_WARN_OBJC_IMPLICIT_RETAIN_SELF = YES;
				CLANG_WARN_OBJC_LITERAL_CONVERSION = YES;
				CLANG_WARN_OBJC_ROOT_CLASS = YES_ERROR;
				CLANG_WARN_QUOTED_INCLUDE_IN_FRAMEWORK_HEADER = YES;
				CLANG_WARN_RANGE_LOOP_ANALYSIS = YES;
				CLANG_WARN_STRICT_PROTOTYPES = YES;
				CLANG_WARN_SUSPICIOUS_MOVE = YES;
				CLANG_WARN_UNGUARDED_AVAILABILITY = YES_AGGRESSIVE;
				CLANG_WARN_UNREACHABLE_CODE = YES;
				CLANG_WARN__DUPLICATE_METHOD_MATCH = YES;
				COPY_PHASE_STRIP = NO;
				DEBUG_INFORMATION_FORMAT = "dwarf-with-dsym";
				ENABLE_NS_ASSERTIONS = NO;
				ENABLE_STRICT_OBJC_MSGSEND = YES;
				GCC_C_LANGUAGE_STANDARD = gnu11;
				GCC_NO_COMMON_BLOCKS = YES;
				GCC_WARN_64_TO_32_BIT_CONVERSION = YES;
				GCC_WARN_ABOUT_RETURN_TYPE = YES_ERROR;
				GCC_WARN_UNDECLARED_SELECTOR = YES;
				GCC_WARN_UNINITIALIZED_AUTOS = YES_AGGRESSIVE;
				GCC_WARN_UNUSED_FUNCTION = YES;
				GCC_WARN_UNUSED_VARIABLE = YES;
				MACOSX_DEPLOYMENT_TARGET = 11.1;
				MTL_ENABLE_DEBUG_INFO = NO;
				MTL_FAST_MATH = YES;
				SDKROOT = macosx;
				SWIFT_COMPILATION_MODE = wholemodule;
				SWIFT_OPTIMIZATION_LEVEL = "-O";
			};
			name = Release;
		};
		8F9AFE2D261FA9400086DCCA /* Debug */ = {
			isa = XCBuildConfiguration;
			baseConfigurationReference = 8FCC0128275D58C1003C47F2 /* Development.xcconfig */;
			buildSettings = {
				ASSETCATALOG_COMPILER_APPICON_NAME = AppIcon;
				ASSETCATALOG_COMPILER_GLOBAL_ACCENT_COLOR_NAME = AccentColor;
				CODE_SIGN_ENTITLEMENTS = LivecamWallpaper/LivecamWallpaper.entitlements;
				CODE_SIGN_IDENTITY = "-";
				CODE_SIGN_STYLE = Automatic;
				COMBINE_HIDPI_IMAGES = YES;
				CURRENT_PROJECT_VERSION = 4;
				DEVELOPMENT_ASSET_PATHS = "\"LivecamWallpaper/Preview Content\"";
				DEVELOPMENT_TEAM = "";
				ENABLE_HARDENED_RUNTIME = YES;
				ENABLE_PREVIEWS = YES;
				INFOPLIST_FILE = LivecamWallpaper/Info.plist;
				LD_RUNPATH_SEARCH_PATHS = (
					"$(inherited)",
					"@executable_path/../Frameworks",
				);
				MACOSX_DEPLOYMENT_TARGET = 10.15;
				MARKETING_VERSION = 0.2.2;
				PRODUCT_BUNDLE_IDENTIFIER = fr.pierreberger.LivecamWallpaper;
				PRODUCT_NAME = "$(TARGET_NAME)";
				PROVISIONING_PROFILE_SPECIFIER = "";
				SWIFT_INSTALL_OBJC_HEADER = YES;
				SWIFT_VERSION = 5.0;
			};
			name = Debug;
		};
		8F9AFE2E261FA9400086DCCA /* Release */ = {
			isa = XCBuildConfiguration;
			baseConfigurationReference = 8FCC0128275D58C1003C47F2 /* Development.xcconfig */;
			buildSettings = {
				ASSETCATALOG_COMPILER_APPICON_NAME = AppIcon;
				ASSETCATALOG_COMPILER_GLOBAL_ACCENT_COLOR_NAME = AccentColor;
				CODE_SIGN_ENTITLEMENTS = LivecamWallpaper/LivecamWallpaperRelease.entitlements;
				CODE_SIGN_IDENTITY = "-";
				CODE_SIGN_STYLE = Automatic;
				COMBINE_HIDPI_IMAGES = YES;
				CURRENT_PROJECT_VERSION = 4;
				DEVELOPMENT_ASSET_PATHS = "\"LivecamWallpaper/Preview Content\"";
				DEVELOPMENT_TEAM = "";
				ENABLE_HARDENED_RUNTIME = YES;
				ENABLE_PREVIEWS = YES;
				INFOPLIST_FILE = LivecamWallpaper/Info.plist;
				LD_RUNPATH_SEARCH_PATHS = (
					"$(inherited)",
					"@executable_path/../Frameworks",
				);
				MACOSX_DEPLOYMENT_TARGET = 10.15;
				MARKETING_VERSION = 0.2.2;
				PRODUCT_BUNDLE_IDENTIFIER = fr.pierreberger.LivecamWallpaper;
				PRODUCT_NAME = "$(TARGET_NAME)";
				PROVISIONING_PROFILE_SPECIFIER = "";
				SWIFT_INSTALL_OBJC_HEADER = YES;
				SWIFT_VERSION = 5.0;
			};
			name = Release;
		};
/* End XCBuildConfiguration section */

/* Begin XCConfigurationList section */
		8F9AFDFB261FA93B0086DCCA /* Build configuration list for PBXProject "LivecamWallpaper" */ = {
			isa = XCConfigurationList;
			buildConfigurations = (
				8F9AFE2A261FA9400086DCCA /* Debug */,
				8F9AFE2B261FA9400086DCCA /* Release */,
			);
			defaultConfigurationIsVisible = 0;
			defaultConfigurationName = Release;
		};
		8F9AFE2C261FA9400086DCCA /* Build configuration list for PBXNativeTarget "LivecamWallpaper" */ = {
			isa = XCConfigurationList;
			buildConfigurations = (
				8F9AFE2D261FA9400086DCCA /* Debug */,
				8F9AFE2E261FA9400086DCCA /* Release */,
			);
			defaultConfigurationIsVisible = 0;
			defaultConfigurationName = Release;
		};
/* End XCConfigurationList section */

/* Begin XCRemoteSwiftPackageReference section */
		8F39DD862627A77800F0C010 /* XCRemoteSwiftPackageReference "Defaults" */ = {
			isa = XCRemoteSwiftPackageReference;
			repositoryURL = "https://github.com/sindresorhus/Defaults";
			requirement = {
				kind = upToNextMajorVersion;
				minimumVersion = 4.2.1;
			};
		};
		8FCC0125275D3382003C47F2 /* XCRemoteSwiftPackageReference "sentry-cocoa" */ = {
			isa = XCRemoteSwiftPackageReference;
			repositoryURL = "https://github.com/getsentry/sentry-cocoa.git";
			requirement = {
				kind = upToNextMajorVersion;
				minimumVersion = 7.5.4;
			};
		};
/* End XCRemoteSwiftPackageReference section */

/* Begin XCSwiftPackageProductDependency section */
		8F39DD872627A77800F0C010 /* Defaults */ = {
			isa = XCSwiftPackageProductDependency;
			package = 8F39DD862627A77800F0C010 /* XCRemoteSwiftPackageReference "Defaults" */;
			productName = Defaults;
		};
		8FCC0126275D3382003C47F2 /* Sentry */ = {
			isa = XCSwiftPackageProductDependency;
			package = 8FCC0125275D3382003C47F2 /* XCRemoteSwiftPackageReference "sentry-cocoa" */;
			productName = Sentry;
		};
/* End XCSwiftPackageProductDependency section */

/* Begin XCVersionGroup section */
		8F9AFE07261FA93C0086DCCA /* LivecamWallpaper.xcdatamodeld */ = {
			isa = XCVersionGroup;
			children = (
				8F9AFE08261FA93C0086DCCA /* LivecamWallpaper.xcdatamodel */,
			);
			currentVersion = 8F9AFE08261FA93C0086DCCA /* LivecamWallpaper.xcdatamodel */;
			path = LivecamWallpaper.xcdatamodeld;
			sourceTree = "<group>";
			versionGroupType = wrapper.xcdatamodel;
		};
/* End XCVersionGroup section */
	};
	rootObject = 8F9AFDF8261FA93B0086DCCA /* Project object */;
}
